
Microsoft Visual Studio Solution File, Format Version 12.00
# Visual Studio Version 17
VisualStudioVersion = 17.2.32526.322
MinimumVisualStudioVersion = 10.0.40219.1
Project("{2150E333-8FDC-42A3-9474-1A3956D46DE8}") = "Laba_1", "Laba_1", "{58EB1919-9F5A-49D8-8F2E-F23442290081}"
EndProject
Project("{2150E333-8FDC-42A3-9474-1A3956D46DE8}") = "Model", "Model", "{6F6140B6-6BD9-49E7-941A-A3662D96E3EE}"
EndProject
Project("{FAE04EC0-301F-11D3-BF4B-00C04F79EFBC}") = "StarSystemModel", "StarSystemModel\StarSystemModel.csproj", "{F617A1D9-2707-4DBE-972F-EACE0551432B}"
EndProject
Project("{2150E333-8FDC-42A3-9474-1A3956D46DE8}") = "View", "View", "{41C9EEAE-EF0F-4527-BD3B-DC437CACC0CE}"
EndProject
Project("{FAE04EC0-301F-11D3-BF4B-00C04F79EFBC}") = "StarSystemView", "WinFormsApp1\StarSystemView.csproj", "{10F69972-4AD9-48C7-AA03-696601429379}"
EndProject
Project("{2150E333-8FDC-42A3-9474-1A3956D46DE8}") = "Laba_2", "Laba_2", "{6B9DD092-5B56-4A99-8817-D5FE96141B5E}"
EndProject
Project("{2150E333-8FDC-42A3-9474-1A3956D46DE8}") = "Model", "Model", "{11FB0816-D558-480A-BA9E-D230DF2AEAAA}"
EndProject
Project("{2150E333-8FDC-42A3-9474-1A3956D46DE8}") = "View", "View", "{7CA437E3-E584-4F28-8634-7A0949A4A979}"
EndProject
Project("{FAE04EC0-301F-11D3-BF4B-00C04F79EFBC}") = "MobilePhoneModel", "MobilePhoneModel\MobilePhoneModel.csproj", "{E90F1EF8-28FC-49E8-8FE4-3922F0D8C290}"
EndProject
Project("{FAE04EC0-301F-11D3-BF4B-00C04F79EFBC}") = "MobilePhoneView", "MobilePhoneView\MobilePhoneView.csproj", "{631B00DF-BCFF-4C29-9015-914405979B0C}"
EndProject
Project("{2150E333-8FDC-42A3-9474-1A3956D46DE8}") = "Laba_3", "Laba_3", "{ED11CA76-2028-4F0C-AC9D-E59EFEE47910}"
EndProject
Project("{2150E333-8FDC-42A3-9474-1A3956D46DE8}") = "Model", "Model", "{B321DA59-5680-4FDC-8B48-5C0E9F838BA3}"
EndProject
Project("{2150E333-8FDC-42A3-9474-1A3956D46DE8}") = "View", "View", "{43343010-AF84-4187-B671-42E8DD5FFA1D}"
EndProject
Project("{FAE04EC0-301F-11D3-BF4B-00C04F79EFBC}") = "ShipModel", "ShipModel\ShipModel.csproj", "{197115D6-29E9-40EE-9293-292F2F553C1F}"
EndProject
Project("{FAE04EC0-301F-11D3-BF4B-00C04F79EFBC}") = "ShipView", "ShipView\ShipView.csproj", "{2BF1EDFD-F69A-4E6A-A12A-EACF230FC0CB}"
EndProject
Project("{2150E333-8FDC-42A3-9474-1A3956D46DE8}") = "Laba_4", "Laba_4", "{D032436F-F73F-4357-8208-450BAB5F530F}"
EndProject
Project("{2150E333-8FDC-42A3-9474-1A3956D46DE8}") = "Model", "Model", "{7131D7B7-1144-4E5D-BED5-151D30709DE5}"
EndProject
Project("{2150E333-8FDC-42A3-9474-1A3956D46DE8}") = "View", "View", "{10A5EC5F-302B-45C3-A56D-8F7EF2FF5455}"
EndProject
Project("{FAE04EC0-301F-11D3-BF4B-00C04F79EFBC}") = "NewShipModel", "NewShip\NewShipModel.csproj", "{FC0D7C8F-1681-46B7-A22E-12C8CF7EF890}"
EndProject
Project("{FAE04EC0-301F-11D3-BF4B-00C04F79EFBC}") = "NewShipView", "NewShipView\NewShipView.csproj", "{F5632CB6-B0BF-4182-8404-DFFD5A085990}"
EndProject
Project("{2150E333-8FDC-42A3-9474-1A3956D46DE8}") = "Laba_5", "Laba_5", "{402C893A-EC1F-4C67-A5F2-7F23BC775C32}"
EndProject
Project("{2150E333-8FDC-42A3-9474-1A3956D46DE8}") = "Model", "Model", "{3E9C8FF1-9060-46F8-84E9-72C98A417E44}"
EndProject
Project("{2150E333-8FDC-42A3-9474-1A3956D46DE8}") = "View", "View", "{A4DE6669-7EB5-4298-ACA4-E5856B647EBD}"
EndProject
Project("{FAE04EC0-301F-11D3-BF4B-00C04F79EFBC}") = "TransportModel", "TransportModel\TransportModel.csproj", "{9CF32340-2A37-4EA7-81B1-795442C4B046}"
EndProject
Project("{FAE04EC0-301F-11D3-BF4B-00C04F79EFBC}") = "TransportView", "TransportView\TransportView.csproj", "{C46A5E47-92A0-4D41-8C5C-71C29168FECA}"
EndProject
Project("{2150E333-8FDC-42A3-9474-1A3956D46DE8}") = "Laba_6", "Laba_6", "{EFD4845F-F02E-4C55-8B65-09550D13AE47}"
EndProject
Project("{2150E333-8FDC-42A3-9474-1A3956D46DE8}") = "Model", "Model", "{00B05B83-7BE9-4B1D-874F-99952B4E38EF}"
EndProject
Project("{2150E333-8FDC-42A3-9474-1A3956D46DE8}") = "View", "View", "{266A9FDC-ED4A-4015-A39B-90587F76C6C5}"
EndProject
Project("{FAE04EC0-301F-11D3-BF4B-00C04F79EFBC}") = "NewTransportModel", "NewTransportModel\NewTransportModel.csproj", "{64BA5EDB-6A13-4C39-A15A-8235A84C022E}"
EndProject
Project("{FAE04EC0-301F-11D3-BF4B-00C04F79EFBC}") = "NewTransportView", "NewTransportView\NewTransportView.csproj", "{2C238BDB-2821-4CA3-9A1D-2F5012541183}"
EndProject
Global
	GlobalSection(SolutionConfigurationPlatforms) = preSolution
		Debug|Any CPU = Debug|Any CPU
		Release|Any CPU = Release|Any CPU
	EndGlobalSection
	GlobalSection(ProjectConfigurationPlatforms) = postSolution
		{F617A1D9-2707-4DBE-972F-EACE0551432B}.Debug|Any CPU.ActiveCfg = Debug|Any CPU
		{F617A1D9-2707-4DBE-972F-EACE0551432B}.Debug|Any CPU.Build.0 = Debug|Any CPU
		{F617A1D9-2707-4DBE-972F-EACE0551432B}.Release|Any CPU.ActiveCfg = Release|Any CPU
		{F617A1D9-2707-4DBE-972F-EACE0551432B}.Release|Any CPU.Build.0 = Release|Any CPU
		{10F69972-4AD9-48C7-AA03-696601429379}.Debug|Any CPU.ActiveCfg = Debug|Any CPU
		{10F69972-4AD9-48C7-AA03-696601429379}.Debug|Any CPU.Build.0 = Debug|Any CPU
		{10F69972-4AD9-48C7-AA03-696601429379}.Release|Any CPU.ActiveCfg = Release|Any CPU
		{10F69972-4AD9-48C7-AA03-696601429379}.Release|Any CPU.Build.0 = Release|Any CPU
		{E90F1EF8-28FC-49E8-8FE4-3922F0D8C290}.Debug|Any CPU.ActiveCfg = Debug|Any CPU
		{E90F1EF8-28FC-49E8-8FE4-3922F0D8C290}.Debug|Any CPU.Build.0 = Debug|Any CPU
		{E90F1EF8-28FC-49E8-8FE4-3922F0D8C290}.Release|Any CPU.ActiveCfg = Release|Any CPU
		{E90F1EF8-28FC-49E8-8FE4-3922F0D8C290}.Release|Any CPU.Build.0 = Release|Any CPU
		{631B00DF-BCFF-4C29-9015-914405979B0C}.Debug|Any CPU.ActiveCfg = Debug|Any CPU
		{631B00DF-BCFF-4C29-9015-914405979B0C}.Debug|Any CPU.Build.0 = Debug|Any CPU
		{631B00DF-BCFF-4C29-9015-914405979B0C}.Release|Any CPU.ActiveCfg = Release|Any CPU
		{631B00DF-BCFF-4C29-9015-914405979B0C}.Release|Any CPU.Build.0 = Release|Any CPU
		{197115D6-29E9-40EE-9293-292F2F553C1F}.Debug|Any CPU.ActiveCfg = Debug|Any CPU
		{197115D6-29E9-40EE-9293-292F2F553C1F}.Debug|Any CPU.Build.0 = Debug|Any CPU
		{197115D6-29E9-40EE-9293-292F2F553C1F}.Release|Any CPU.ActiveCfg = Release|Any CPU
		{197115D6-29E9-40EE-9293-292F2F553C1F}.Release|Any CPU.Build.0 = Release|Any CPU
		{2BF1EDFD-F69A-4E6A-A12A-EACF230FC0CB}.Debug|Any CPU.ActiveCfg = Debug|Any CPU
		{2BF1EDFD-F69A-4E6A-A12A-EACF230FC0CB}.Debug|Any CPU.Build.0 = Debug|Any CPU
		{2BF1EDFD-F69A-4E6A-A12A-EACF230FC0CB}.Release|Any CPU.ActiveCfg = Release|Any CPU
		{2BF1EDFD-F69A-4E6A-A12A-EACF230FC0CB}.Release|Any CPU.Build.0 = Release|Any CPU
		{FC0D7C8F-1681-46B7-A22E-12C8CF7EF890}.Debug|Any CPU.ActiveCfg = Debug|Any CPU
		{FC0D7C8F-1681-46B7-A22E-12C8CF7EF890}.Debug|Any CPU.Build.0 = Debug|Any CPU
		{FC0D7C8F-1681-46B7-A22E-12C8CF7EF890}.Release|Any CPU.ActiveCfg = Release|Any CPU
		{FC0D7C8F-1681-46B7-A22E-12C8CF7EF890}.Release|Any CPU.Build.0 = Release|Any CPU
		{F5632CB6-B0BF-4182-8404-DFFD5A085990}.Debug|Any CPU.ActiveCfg = Debug|Any CPU
		{F5632CB6-B0BF-4182-8404-DFFD5A085990}.Debug|Any CPU.Build.0 = Debug|Any CPU
		{F5632CB6-B0BF-4182-8404-DFFD5A085990}.Release|Any CPU.ActiveCfg = Release|Any CPU
		{F5632CB6-B0BF-4182-8404-DFFD5A085990}.Release|Any CPU.Build.0 = Release|Any CPU
		{9CF32340-2A37-4EA7-81B1-795442C4B046}.Debug|Any CPU.ActiveCfg = Debug|Any CPU
		{9CF32340-2A37-4EA7-81B1-795442C4B046}.Debug|Any CPU.Build.0 = Debug|Any CPU
		{9CF32340-2A37-4EA7-81B1-795442C4B046}.Release|Any CPU.ActiveCfg = Release|Any CPU
		{9CF32340-2A37-4EA7-81B1-795442C4B046}.Release|Any CPU.Build.0 = Release|Any CPU
		{C46A5E47-92A0-4D41-8C5C-71C29168FECA}.Debug|Any CPU.ActiveCfg = Debug|Any CPU
		{C46A5E47-92A0-4D41-8C5C-71C29168FECA}.Debug|Any CPU.Build.0 = Debug|Any CPU
		{C46A5E47-92A0-4D41-8C5C-71C29168FECA}.Release|Any CPU.ActiveCfg = Release|Any CPU
		{C46A5E47-92A0-4D41-8C5C-71C29168FECA}.Release|Any CPU.Build.0 = Release|Any CPU
		{64BA5EDB-6A13-4C39-A15A-8235A84C022E}.Debug|Any CPU.ActiveCfg = Debug|Any CPU
		{64BA5EDB-6A13-4C39-A15A-8235A84C022E}.Debug|Any CPU.Build.0 = Debug|Any CPU
		{64BA5EDB-6A13-4C39-A15A-8235A84C022E}.Release|Any CPU.ActiveCfg = Release|Any CPU
		{64BA5EDB-6A13-4C39-A15A-8235A84C022E}.Release|Any CPU.Build.0 = Release|Any CPU
		{2C238BDB-2821-4CA3-9A1D-2F5012541183}.Debug|Any CPU.ActiveCfg = Debug|Any CPU
		{2C238BDB-2821-4CA3-9A1D-2F5012541183}.Debug|Any CPU.Build.0 = Debug|Any CPU
		{2C238BDB-2821-4CA3-9A1D-2F5012541183}.Release|Any CPU.ActiveCfg = Release|Any CPU
		{2C238BDB-2821-4CA3-9A1D-2F5012541183}.Release|Any CPU.Build.0 = Release|Any CPU
	EndGlobalSection
	GlobalSection(SolutionProperties) = preSolution
		HideSolutionNode = FALSE
	EndGlobalSection
	GlobalSection(NestedProjects) = preSolution
		{6F6140B6-6BD9-49E7-941A-A3662D96E3EE} = {58EB1919-9F5A-49D8-8F2E-F23442290081}
		{F617A1D9-2707-4DBE-972F-EACE0551432B} = {6F6140B6-6BD9-49E7-941A-A3662D96E3EE}
		{41C9EEAE-EF0F-4527-BD3B-DC437CACC0CE} = {58EB1919-9F5A-49D8-8F2E-F23442290081}
		{10F69972-4AD9-48C7-AA03-696601429379} = {41C9EEAE-EF0F-4527-BD3B-DC437CACC0CE}
		{11FB0816-D558-480A-BA9E-D230DF2AEAAA} = {6B9DD092-5B56-4A99-8817-D5FE96141B5E}
		{7CA437E3-E584-4F28-8634-7A0949A4A979} = {6B9DD092-5B56-4A99-8817-D5FE96141B5E}
		{E90F1EF8-28FC-49E8-8FE4-3922F0D8C290} = {11FB0816-D558-480A-BA9E-D230DF2AEAAA}
		{631B00DF-BCFF-4C29-9015-914405979B0C} = {7CA437E3-E584-4F28-8634-7A0949A4A979}
		{B321DA59-5680-4FDC-8B48-5C0E9F838BA3} = {ED11CA76-2028-4F0C-AC9D-E59EFEE47910}
		{43343010-AF84-4187-B671-42E8DD5FFA1D} = {ED11CA76-2028-4F0C-AC9D-E59EFEE47910}
		{197115D6-29E9-40EE-9293-292F2F553C1F} = {B321DA59-5680-4FDC-8B48-5C0E9F838BA3}
		{2BF1EDFD-F69A-4E6A-A12A-EACF230FC0CB} = {43343010-AF84-4187-B671-42E8DD5FFA1D}
		{7131D7B7-1144-4E5D-BED5-151D30709DE5} = {D032436F-F73F-4357-8208-450BAB5F530F}
		{10A5EC5F-302B-45C3-A56D-8F7EF2FF5455} = {D032436F-F73F-4357-8208-450BAB5F530F}
		{FC0D7C8F-1681-46B7-A22E-12C8CF7EF890} = {7131D7B7-1144-4E5D-BED5-151D30709DE5}
		{F5632CB6-B0BF-4182-8404-DFFD5A085990} = {10A5EC5F-302B-45C3-A56D-8F7EF2FF5455}
		{3E9C8FF1-9060-46F8-84E9-72C98A417E44} = {402C893A-EC1F-4C67-A5F2-7F23BC775C32}
		{A4DE6669-7EB5-4298-ACA4-E5856B647EBD} = {402C893A-EC1F-4C67-A5F2-7F23BC775C32}
		{9CF32340-2A37-4EA7-81B1-795442C4B046} = {3E9C8FF1-9060-46F8-84E9-72C98A417E44}
		{C46A5E47-92A0-4D41-8C5C-71C29168FECA} = {A4DE6669-7EB5-4298-ACA4-E5856B647EBD}
		{00B05B83-7BE9-4B1D-874F-99952B4E38EF} = {EFD4845F-F02E-4C55-8B65-09550D13AE47}
		{266A9FDC-ED4A-4015-A39B-90587F76C6C5} = {EFD4845F-F02E-4C55-8B65-09550D13AE47}
		{64BA5EDB-6A13-4C39-A15A-8235A84C022E} = {00B05B83-7BE9-4B1D-874F-99952B4E38EF}
		{2C238BDB-2821-4CA3-9A1D-2F5012541183} = {266A9FDC-ED4A-4015-A39B-90587F76C6C5}
	EndGlobalSection
	GlobalSection(ExtensibilityGlobals) = postSolution
		SolutionGuid = {D866C6C2-6447-4A87-BD33-F7BE37842E14}
	EndGlobalSection
EndGlobal
